
Microsoft Visual Studio Solution File, Format Version 12.00
# Visual Studio 15
VisualStudioVersion = 15.0.27004.2005
MinimumVisualStudioVersion = 10.0.40219.1
Project("{FAE04EC0-301F-11D3-BF4B-00C04F79EFBC}") = "ExpenseIt", "ExpenseIt\ExpenseIt.csproj", "{A33EA100-8542-401F-970D-138E03D85F6F}"
EndProject
Global
	GlobalSection(SolutionConfigurationPlatforms) = preSolution
		Debug|Any CPU = Debug|Any CPU
		Release|Any CPU = Release|Any CPU
	EndGlobalSection
	GlobalSection(ProjectConfigurationPlatforms) = postSolution
		{A33EA100-8542-401F-970D-138E03D85F6F}.Debug|Any CPU.ActiveCfg = Debug|Any CPU
		{A33EA100-8542-401F-970D-138E03D85F6F}.Debug|Any CPU.Build.0 = Debug|Any CPU
		{A33EA100-8542-401F-970D-138E03D85F6F}.Release|Any CPU.ActiveCfg = Release|Any CPU
		{A33EA100-8542-401F-970D-138E03D85F6F}.Release|Any CPU.Build.0 = Release|Any CPU
	EndGlobalSection
	GlobalSection(SolutionProperties) = preSolution
		HideSolutionNode = FALSE
	EndGlobalSection
	GlobalSection(ExtensibilityGlobals) = postSolution
		SolutionGuid = {12282762-E1FA-43E0-81BF-DA57AD0B117B}
	EndGlobalSection
EndGlobal
